{
  "name": "hwlever",
  "version": "1.0.0",
  "lockfileVersion": 1,
  "requires": true,
  "dependencies": {
    "raven-js": {
      "version": "3.19.1",
      "resolved": "https://registry.npmjs.org/raven-js/-/raven-js-3.19.1.tgz",
      "integrity": "sha512-E01uqSgP4JJIZNCaug2rV8g3JcIabLP09POLJ6wpM0oWftfnjqIWHYipUuscltCjQAxsPV3FFnMkW22/93qgig=="
    }
  }
}
